// !$*UTF8*$!
{
	archiveVersion = 1;
	classes = {
	};
	objectVersion = 48;
	objects = {

/* Begin PBXBuildFile section */
		1A5633E310E8239A57800E82 /* TimetableEntryCell.swift in Sources */ = {isa = PBXBuildFile; fileRef = 1A563976B28BB1D481F76DDD /* TimetableEntryCell.swift */; };
		1A5635BA0D09AB944D2C2409 /* TimeTableCellPresenter.swift in Sources */ = {isa = PBXBuildFile; fileRef = 1A563BECE1CB9C1CE4F9A872 /* TimeTableCellPresenter.swift */; };
		3267215614557925662C1CD4 /* WebSocketSpy.swift in Sources */ = {isa = PBXBuildFile; fileRef = 3267297267C3097408AED044 /* WebSocketSpy.swift */; };
		3267217F9B11F03369EDCAF1 /* DefaultCheckInServiceSpec.swift in Sources */ = {isa = PBXBuildFile; fileRef = 32672275DEFC69E3A577C656 /* DefaultCheckInServiceSpec.swift */; };
		326721994FED0C1B52C6C266 /* TimetableServiceError.swift in Sources */ = {isa = PBXBuildFile; fileRef = 32672C8B1F6D427B4B47BE4F /* TimetableServiceError.swift */; };
		326721FFEA0CB3CD7F4A40BF /* TimetableFilter.swift in Sources */ = {isa = PBXBuildFile; fileRef = 326725FD8C6F9561A4CE1485 /* TimetableFilter.swift */; };
		326722398F6FE3B4D86ADE60 /* TimetableEntryResponse.swift in Sources */ = {isa = PBXBuildFile; fileRef = 3267273FF41CAC6EE6E87BCF /* TimetableEntryResponse.swift */; };
		32672269E832510DCF567CC9 /* CheckInViewController.swift in Sources */ = {isa = PBXBuildFile; fileRef = 326721327B6CA41E97DCE2CE /* CheckInViewController.swift */; };
		326722FA751C23C4F6E127BF /* CheckInView.swift in Sources */ = {isa = PBXBuildFile; fileRef = 326725D32798ED0629139F4B /* CheckInView.swift */; };
		3267239959538CFDE9ACB88E /* timetables_ws.json in Resources */ = {isa = PBXBuildFile; fileRef = 326727BC0D6A36A1103EB8BF /* timetables_ws.json */; };
		326723A57FC40153A65C8419 /* UIImage+WithColor.swift in Sources */ = {isa = PBXBuildFile; fileRef = 32672125378FFA51CE6E0C27 /* UIImage+WithColor.swift */; };
		326723CD751DC9FD70D6FC22 /* Bundle+JSONData.swift in Sources */ = {isa = PBXBuildFile; fileRef = 326723D5A2E3552347AD70C5 /* Bundle+JSONData.swift */; };
		326724103CCBC4E172DF11E4 /* String+Date.swift in Sources */ = {isa = PBXBuildFile; fileRef = 32672FC7C0F47B0744317E7B /* String+Date.swift */; };
		326724C0464A16131E52E5F8 /* HTTPTimetableService.swift in Sources */ = {isa = PBXBuildFile; fileRef = 32672FC6943A51BD59ABBABA /* HTTPTimetableService.swift */; };
		326724FC2E9C405943838F4C /* HTTPTimetableServiceSpec.swift in Sources */ = {isa = PBXBuildFile; fileRef = 32672649FE9077EA9ABB8C55 /* HTTPTimetableServiceSpec.swift */; };
		326724FDB43C8FE79CE5B9CE /* TimetableEntryResponseSpec.swift in Sources */ = {isa = PBXBuildFile; fileRef = 3267218267EF810C9ACBAFF9 /* TimetableEntryResponseSpec.swift */; };
		3267252D279E6B43DC5153AF /* CheckInService.swift in Sources */ = {isa = PBXBuildFile; fileRef = 32672C04D38B780E038A06E6 /* CheckInService.swift */; };
		326725597DF1D8F72BC65F7A /* CGContext+DrawImage.swift in Sources */ = {isa = PBXBuildFile; fileRef = 32672571BA5242F5E51ADE4F /* CGContext+DrawImage.swift */; };
		326725EA8E0A37F7AB869A49 /* Filter.swift in Sources */ = {isa = PBXBuildFile; fileRef = 326720EF64CCFD23520E595E /* Filter.swift */; };
		32672635401B17BEF7469C56 /* DateFormatter+WithGMT.swift in Sources */ = {isa = PBXBuildFile; fileRef = 32672E475FC73DE3110971CA /* DateFormatter+WithGMT.swift */; };
		3267269A9E0AAA8397B3A6DF /* TimetableFilterSpec.swift in Sources */ = {isa = PBXBuildFile; fileRef = 326721882A0FBD7D662C1C11 /* TimetableFilterSpec.swift */; };
		326726CCFF5A7035A7A39E45 /* DefaultCheckInService.swift in Sources */ = {isa = PBXBuildFile; fileRef = 32672150EEC3F783FE8186AD /* DefaultCheckInService.swift */; };
		3267271344C628B419D2004D /* checkin.json in Resources */ = {isa = PBXBuildFile; fileRef = 326726F1DC3F4D09392489B6 /* checkin.json */; };
		32672745AAC5286BFAD41648 /* JSONDecoder+Timetable.swift in Sources */ = {isa = PBXBuildFile; fileRef = 32672DEEDB3731CA7FA1CF97 /* JSONDecoder+Timetable.swift */; };
		326727D965968C02942BF1CF /* CheckIn.swift in Sources */ = {isa = PBXBuildFile; fileRef = 32672E1F998A5BC139CB3AC7 /* CheckIn.swift */; };
		326727DB387FC3D498193C1A /* JSONEncoder+Serialized.swift in Sources */ = {isa = PBXBuildFile; fileRef = 326722CA318AE60175718501 /* JSONEncoder+Serialized.swift */; };
		326728713105CB30309AD95B /* TimetableService.swift in Sources */ = {isa = PBXBuildFile; fileRef = 326727CB6EC7F98BFF12DA67 /* TimetableService.swift */; };
		3267289B20F3B6FF9E7A837C /* TimetableServiceStub.swift in Sources */ = {isa = PBXBuildFile; fileRef = 32672E20A19BE2B31AF04333 /* TimetableServiceStub.swift */; };
		326728CEB559E98BF159E6D5 /* Bundle+TestBundle.swift in Sources */ = {isa = PBXBuildFile; fileRef = 32672FA189DB7DA854BB188C /* Bundle+TestBundle.swift */; };
		32672920E879F4D6D18CA19F /* CheckInSpec.swift in Sources */ = {isa = PBXBuildFile; fileRef = 32672D99CFA6F5498A5FC856 /* CheckInSpec.swift */; };
		32672979F47CF03CB1DB9CAD /* URLRequest+Verify.swift in Sources */ = {isa = PBXBuildFile; fileRef = 32672320D0BBA7FFE34040D2 /* URLRequest+Verify.swift */; };
		32672A0AE33DAC3B10574DE8 /* CheckInServiceError.swift in Sources */ = {isa = PBXBuildFile; fileRef = 326724EDFC9FF98D6D7876CF /* CheckInServiceError.swift */; };
		32672A9451958081D4A04006 /* CheckInServiceSpy.swift in Sources */ = {isa = PBXBuildFile; fileRef = 326720278C7DC882080A8646 /* CheckInServiceSpy.swift */; };
		32672B7398C275B2155EC83D /* WebSocketTimetableServiceSpec.swift in Sources */ = {isa = PBXBuildFile; fileRef = 326726D067A50A5C969B80B3 /* WebSocketTimetableServiceSpec.swift */; };
		32672BB9E804809B30961472 /* JSONDecoder+Default.swift in Sources */ = {isa = PBXBuildFile; fileRef = 3267291699262237A5B8AB7A /* JSONDecoder+Default.swift */; };
		32672BC1A49DBE9462FF7504 /* TimetableEntryCellSpec.swift in Sources */ = {isa = PBXBuildFile; fileRef = 3267266B02158B3986AA6B9B /* TimetableEntryCellSpec.swift */; };
		32672C1A62C8E8F2A0E8ABB4 /* TimetableFiltering.swift in Sources */ = {isa = PBXBuildFile; fileRef = 32672F3BC3166B73E9D714A0 /* TimetableFiltering.swift */; };
		32672C25BFD73DCDF4E8DA49 /* Timezone+GMT.swift in Sources */ = {isa = PBXBuildFile; fileRef = 32672E1AB2BE8EA77279AE1C /* Timezone+GMT.swift */; };
		32672D3774ADC6C5A9FCD62A /* TimetableEntry+TestData.swift in Sources */ = {isa = PBXBuildFile; fileRef = 32672DC1EE060FE8FB8B84C7 /* TimetableEntry+TestData.swift */; };
		32672E31680770596E7778A1 /* LocalFileTimetableService.swift in Sources */ = {isa = PBXBuildFile; fileRef = 32672A343FA90C2695CEF4F0 /* LocalFileTimetableService.swift */; };
		32672E513EB6089E89CE8B72 /* WebsocketTimetableService.swift in Sources */ = {isa = PBXBuildFile; fileRef = 32672CF680BCD3845909CF9A /* WebsocketTimetableService.swift */; };
		32672EF1F84876ADA08567F0 /* LocalFileTimetableServiceSpec.swift in Sources */ = {isa = PBXBuildFile; fileRef = 326729E7C3D3D9D37C4A2CAF /* LocalFileTimetableServiceSpec.swift */; };
		32672F328ADB653C2771E5CE /* DateFormatter+DepartureTimeFormatter.swift in Sources */ = {isa = PBXBuildFile; fileRef = 326726F7D70F0801F3440485 /* DateFormatter+DepartureTimeFormatter.swift */; };
		4E7A58E621B8374800BC2F3E /* TimetableEntriesParsing.swift in Sources */ = {isa = PBXBuildFile; fileRef = 4E7A58E521B8374800BC2F3E /* TimetableEntriesParsing.swift */; };
		4EB9BAD521C006EA001BE102 /* main.swift in Sources */ = {isa = PBXBuildFile; fileRef = 4EB9BAD421C006EA001BE102 /* main.swift */; };
		4EB9BAD821C01A9F001BE102 /* AppDelegateStub.swift in Sources */ = {isa = PBXBuildFile; fileRef = 4EB9BAD621C0071A001BE102 /* AppDelegateStub.swift */; };
		4EB9BAD921C01DF8001BE102 /* AppDelegateSpec.swift in Sources */ = {isa = PBXBuildFile; fileRef = 799D1C5B21B8045500D2CB53 /* AppDelegateSpec.swift */; };
		4EB9BAF821C279A1001BE102 /* Starscream.framework in Frameworks */ = {isa = PBXBuildFile; fileRef = 4EB9BAF721C279A1001BE102 /* Starscream.framework */; };
		4EB9BAFA21C279E8001BE102 /* RxSwift.framework in Frameworks */ = {isa = PBXBuildFile; fileRef = 4EB9BAF921C279E8001BE102 /* RxSwift.framework */; };
		4EB9BAFC21C279EB001BE102 /* RxCocoa.framework in Frameworks */ = {isa = PBXBuildFile; fileRef = 4EB9BAFB21C279EB001BE102 /* RxCocoa.framework */; };
		4EB9BB2121C2803A001BE102 /* Nimble.framework in [Carthage] Embed Frameworks */ = {isa = PBXBuildFile; fileRef = 4EB9BB1821C28025001BE102 /* Nimble.framework */; settings = {ATTRIBUTES = (CodeSignOnCopy, RemoveHeadersOnCopy, ); }; };
		4EB9BB2221C2803A001BE102 /* OHHTTPStubs.framework in [Carthage] Embed Frameworks */ = {isa = PBXBuildFile; fileRef = 4EB9BB1721C28024001BE102 /* OHHTTPStubs.framework */; settings = {ATTRIBUTES = (CodeSignOnCopy, RemoveHeadersOnCopy, ); }; };
		4EB9BB2321C2803A001BE102 /* Quick.framework in [Carthage] Embed Frameworks */ = {isa = PBXBuildFile; fileRef = 4EB9BB1B21C28025001BE102 /* Quick.framework */; settings = {ATTRIBUTES = (CodeSignOnCopy, RemoveHeadersOnCopy, ); }; };
		4EB9BB2421C2803A001BE102 /* RxBlocking.framework in [Carthage] Embed Frameworks */ = {isa = PBXBuildFile; fileRef = 4EB9BB1921C28025001BE102 /* RxBlocking.framework */; settings = {ATTRIBUTES = (CodeSignOnCopy, RemoveHeadersOnCopy, ); }; };
		4EB9BB2521C2803A001BE102 /* RxTest.framework in [Carthage] Embed Frameworks */ = {isa = PBXBuildFile; fileRef = 4EB9BB1A21C28025001BE102 /* RxTest.framework */; settings = {ATTRIBUTES = (CodeSignOnCopy, RemoveHeadersOnCopy, ); }; };
		4EEB639A21C7F8E000C8395E /* TimetableService+Completion.swift in Sources */ = {isa = PBXBuildFile; fileRef = 4EEB639921C7F8E000C8395E /* TimetableService+Completion.swift */; };
		542605831FB2738000ADB26A /* TimetableEntryParser.swift in Sources */ = {isa = PBXBuildFile; fileRef = 542605821FB2738000ADB26A /* TimetableEntryParser.swift */; };
		54CDC9141FB2696E006C2F55 /* TimetableFileProvider.swift in Sources */ = {isa = PBXBuildFile; fileRef = 54CDC9131FB2696E006C2F55 /* TimetableFileProvider.swift */; };
		54CDC9161FB269A8006C2F55 /* TimetableEntry.swift in Sources */ = {isa = PBXBuildFile; fileRef = 54CDC9151FB269A8006C2F55 /* TimetableEntry.swift */; };
		54CDC9181FB26A49006C2F55 /* TimetableProviding.swift in Sources */ = {isa = PBXBuildFile; fileRef = 54CDC9171FB26A49006C2F55 /* TimetableProviding.swift */; };
		54CDC91B1FB26CD7006C2F55 /* Example.JSON in Resources */ = {isa = PBXBuildFile; fileRef = 54CDC9121FB26961006C2F55 /* Example.JSON */; };
		54FB8ED21FB262F700BDE4B5 /* AppDelegate.swift in Sources */ = {isa = PBXBuildFile; fileRef = 54FB8ED11FB262F700BDE4B5 /* AppDelegate.swift */; };
		54FB8ED41FB262F700BDE4B5 /* TimetableViewController.swift in Sources */ = {isa = PBXBuildFile; fileRef = 54FB8ED31FB262F700BDE4B5 /* TimetableViewController.swift */; };
		54FB8ED91FB262F700BDE4B5 /* Assets.xcassets in Resources */ = {isa = PBXBuildFile; fileRef = 54FB8ED81FB262F700BDE4B5 /* Assets.xcassets */; };
		54FB8EDC1FB262F700BDE4B5 /* LaunchScreen.storyboard in Resources */ = {isa = PBXBuildFile; fileRef = 54FB8EDA1FB262F700BDE4B5 /* LaunchScreen.storyboard */; };
		54FB8EE81FB264F400BDE4B5 /* TimetableView.swift in Sources */ = {isa = PBXBuildFile; fileRef = 54FB8EE71FB264F400BDE4B5 /* TimetableView.swift */; };
		79684EEA21AD816C00C0C29E /* CheckInStatus.swift in Sources */ = {isa = PBXBuildFile; fileRef = 79684EE921AD816C00C0C29E /* CheckInStatus.swift */; };
		799D1C5321B7FD2300D2CB53 /* WindowFactory.swift in Sources */ = {isa = PBXBuildFile; fileRef = 799D1C5221B7FD2300D2CB53 /* WindowFactory.swift */; };
		799D1C5821B7FE0300D2CB53 /* WindowFactorySpec.swift in Sources */ = {isa = PBXBuildFile; fileRef = 799D1C5621B7FDB200D2CB53 /* WindowFactorySpec.swift */; };
		799D1C5A21B8032100D2CB53 /* WindowFactoryProtocol.swift in Sources */ = {isa = PBXBuildFile; fileRef = 799D1C5921B8032100D2CB53 /* WindowFactoryProtocol.swift */; };
		799D1C6021B805AD00D2CB53 /* WindowFactorySpy.swift in Sources */ = {isa = PBXBuildFile; fileRef = 799D1C5F21B805AD00D2CB53 /* WindowFactorySpy.swift */; };
		8C08264F1FF3C13D00B33DBD /* timetables.json in Resources */ = {isa = PBXBuildFile; fileRef = 8C08264D1FF3C13500B33DBD /* timetables.json */; };
		8C93111B21DCF14F00CF3C99 /* SVProgressHUD.framework in Frameworks */ = {isa = PBXBuildFile; fileRef = 8C93111921DCF14F00CF3C99 /* SVProgressHUD.framework */; };
		8C93111C21DCF14F00CF3C99 /* RxSwiftUtilities.framework in Frameworks */ = {isa = PBXBuildFile; fileRef = 8C93111A21DCF14F00CF3C99 /* RxSwiftUtilities.framework */; };
		8C93112121DCF3A800CF3C99 /* UIApplication+RxSpec.swift in Sources */ = {isa = PBXBuildFile; fileRef = 8C93111F21DCF36500CF3C99 /* UIApplication+RxSpec.swift */; };
		8C93112321DCF4C200CF3C99 /* UIApplication+Rx.swift in Sources */ = {isa = PBXBuildFile; fileRef = 8C93112221DCF4C200CF3C99 /* UIApplication+Rx.swift */; };
		8C93112821DD087600CF3C99 /* UIRefreshControl+SimulateRefresh.swift in Sources */ = {isa = PBXBuildFile; fileRef = 8C93112721DD087600CF3C99 /* UIRefreshControl+SimulateRefresh.swift */; };
		8CF6B28F220C6FCF0024487B /* DateFormatter+DepartureTimeFormatterSpec.swift in Sources */ = {isa = PBXBuildFile; fileRef = 8CF6B28E220C6FCF0024487B /* DateFormatter+DepartureTimeFormatterSpec.swift */; };
		DA60C917853D3C3FBBE5D909 /* FilterView.swift in Sources */ = {isa = PBXBuildFile; fileRef = DA626BFD4A7DF386AD762356 /* FilterView.swift */; };
		DA613262400A4D913472B7B5 /* UISegmentedControl+SimulateTap.swift in Sources */ = {isa = PBXBuildFile; fileRef = DA6BB602A8C34F1996925485 /* UISegmentedControl+SimulateTap.swift */; };
		DA61DC9B9604B79AD873A026 /* RootControllerFactoryStub.swift in Sources */ = {isa = PBXBuildFile; fileRef = DA6C80B8E0466EA7E039AEF2 /* RootControllerFactoryStub.swift */; };
		DA623AD1F9D33F17AD96FDFB /* TimetableViewControllerSpec.swift in Sources */ = {isa = PBXBuildFile; fileRef = 326729EA84FE3D51ED3CC2F1 /* TimetableViewControllerSpec.swift */; };
		DA66FF2C4D0AF202570A7D81 /* TimetableFilterSpy.swift in Sources */ = {isa = PBXBuildFile; fileRef = DA6E54562F47F22AEEDC6737 /* TimetableFilterSpy.swift */; };
		DA692642850D39B268CFE3DA /* TimeTableCellPresenter+TestInstance.swift in Sources */ = {isa = PBXBuildFile; fileRef = DA63646D2DD8509B393969C1 /* TimeTableCellPresenter+TestInstance.swift */; };
		DA6B60FF1B26147EAF49CA2B /* UIControl+SimulateTap.swift in Sources */ = {isa = PBXBuildFile; fileRef = DA64F47A0098F654A7043CE1 /* UIControl+SimulateTap.swift */; };
		DA6C3A4218F84985EB2C0B20 /* RootControllerFactoryProtocol.swift in Sources */ = {isa = PBXBuildFile; fileRef = DA60C964E52C605921D8CECD /* RootControllerFactoryProtocol.swift */; };
		DA6CAFED592036F8FD040953 /* RootControllerFactorySpec.swift in Sources */ = {isa = PBXBuildFile; fileRef = DA6045BD3C04A9C8873AECA3 /* RootControllerFactorySpec.swift */; };
		DA6CCC85531B70A9BF2FC0B3 /* RootControllerFactory.swift in Sources */ = {isa = PBXBuildFile; fileRef = DA6ED1DCB80193EE56027D97 /* RootControllerFactory.swift */; };
/* End PBXBuildFile section */

/* Begin PBXContainerItemProxy section */
		8C0826471FF3BF3200B33DBD /* PBXContainerItemProxy */ = {
			isa = PBXContainerItemProxy;
			containerPortal = 54FB8EC61FB262F700BDE4B5 /* Project object */;
			proxyType = 1;
			remoteGlobalIDString = 54FB8ECD1FB262F700BDE4B5;
			remoteInfo = "Workshops-Module2";
		};
/* End PBXContainerItemProxy section */

/* Begin PBXCopyFilesBuildPhase section */
		4EB9BAF521C27907001BE102 /* [Carthage] Embed Frameworks */ = {
			isa = PBXCopyFilesBuildPhase;
			buildActionMask = 2147483647;
			dstPath = "";
			dstSubfolderSpec = 10;
			files = (
				4EB9BB2121C2803A001BE102 /* Nimble.framework in [Carthage] Embed Frameworks */,
				4EB9BB2221C2803A001BE102 /* OHHTTPStubs.framework in [Carthage] Embed Frameworks */,
				4EB9BB2321C2803A001BE102 /* Quick.framework in [Carthage] Embed Frameworks */,
				4EB9BB2421C2803A001BE102 /* RxBlocking.framework in [Carthage] Embed Frameworks */,
				4EB9BB2521C2803A001BE102 /* RxTest.framework in [Carthage] Embed Frameworks */,
			);
			name = "[Carthage] Embed Frameworks";
			runOnlyForDeploymentPostprocessing = 0;
		};
/* End PBXCopyFilesBuildPhase section */

/* Begin PBXFileReference section */
		1A563976B28BB1D481F76DDD /* TimetableEntryCell.swift */ = {isa = PBXFileReference; fileEncoding = 4; lastKnownFileType = sourcecode.swift; path = TimetableEntryCell.swift; sourceTree = "<group>"; };
		1A563BECE1CB9C1CE4F9A872 /* TimeTableCellPresenter.swift */ = {isa = PBXFileReference; fileEncoding = 4; lastKnownFileType = sourcecode.swift; path = TimeTableCellPresenter.swift; sourceTree = "<group>"; };
		326720278C7DC882080A8646 /* CheckInServiceSpy.swift */ = {isa = PBXFileReference; fileEncoding = 4; lastKnownFileType = sourcecode.swift; path = CheckInServiceSpy.swift; sourceTree = "<group>"; };
		326720EF64CCFD23520E595E /* Filter.swift */ = {isa = PBXFileReference; fileEncoding = 4; lastKnownFileType = sourcecode.swift; path = Filter.swift; sourceTree = "<group>"; };
		32672125378FFA51CE6E0C27 /* UIImage+WithColor.swift */ = {isa = PBXFileReference; fileEncoding = 4; lastKnownFileType = sourcecode.swift; path = "UIImage+WithColor.swift"; sourceTree = "<group>"; };
		326721327B6CA41E97DCE2CE /* CheckInViewController.swift */ = {isa = PBXFileReference; fileEncoding = 4; lastKnownFileType = sourcecode.swift; path = CheckInViewController.swift; sourceTree = "<group>"; };
		32672150EEC3F783FE8186AD /* DefaultCheckInService.swift */ = {isa = PBXFileReference; fileEncoding = 4; lastKnownFileType = sourcecode.swift; path = DefaultCheckInService.swift; sourceTree = "<group>"; };
		3267218267EF810C9ACBAFF9 /* TimetableEntryResponseSpec.swift */ = {isa = PBXFileReference; fileEncoding = 4; lastKnownFileType = sourcecode.swift; path = TimetableEntryResponseSpec.swift; sourceTree = "<group>"; };
		326721882A0FBD7D662C1C11 /* TimetableFilterSpec.swift */ = {isa = PBXFileReference; fileEncoding = 4; lastKnownFileType = sourcecode.swift; path = TimetableFilterSpec.swift; sourceTree = "<group>"; };
		32672275DEFC69E3A577C656 /* DefaultCheckInServiceSpec.swift */ = {isa = PBXFileReference; fileEncoding = 4; lastKnownFileType = sourcecode.swift; path = DefaultCheckInServiceSpec.swift; sourceTree = "<group>"; };
		326722CA318AE60175718501 /* JSONEncoder+Serialized.swift */ = {isa = PBXFileReference; fileEncoding = 4; lastKnownFileType = sourcecode.swift; path = "JSONEncoder+Serialized.swift"; sourceTree = "<group>"; };
		32672320D0BBA7FFE34040D2 /* URLRequest+Verify.swift */ = {isa = PBXFileReference; fileEncoding = 4; lastKnownFileType = sourcecode.swift; path = "URLRequest+Verify.swift"; sourceTree = "<group>"; };
		326723D5A2E3552347AD70C5 /* Bundle+JSONData.swift */ = {isa = PBXFileReference; fileEncoding = 4; lastKnownFileType = sourcecode.swift; path = "Bundle+JSONData.swift"; sourceTree = "<group>"; };
		326724EDFC9FF98D6D7876CF /* CheckInServiceError.swift */ = {isa = PBXFileReference; fileEncoding = 4; lastKnownFileType = sourcecode.swift; path = CheckInServiceError.swift; sourceTree = "<group>"; };
		32672571BA5242F5E51ADE4F /* CGContext+DrawImage.swift */ = {isa = PBXFileReference; fileEncoding = 4; lastKnownFileType = sourcecode.swift; path = "CGContext+DrawImage.swift"; sourceTree = "<group>"; };
		326725D32798ED0629139F4B /* CheckInView.swift */ = {isa = PBXFileReference; fileEncoding = 4; lastKnownFileType = sourcecode.swift; path = CheckInView.swift; sourceTree = "<group>"; };
		326725FD8C6F9561A4CE1485 /* TimetableFilter.swift */ = {isa = PBXFileReference; fileEncoding = 4; lastKnownFileType = sourcecode.swift; path = TimetableFilter.swift; sourceTree = "<group>"; };
		32672649FE9077EA9ABB8C55 /* HTTPTimetableServiceSpec.swift */ = {isa = PBXFileReference; fileEncoding = 4; lastKnownFileType = sourcecode.swift; path = HTTPTimetableServiceSpec.swift; sourceTree = "<group>"; };
		3267266B02158B3986AA6B9B /* TimetableEntryCellSpec.swift */ = {isa = PBXFileReference; fileEncoding = 4; lastKnownFileType = sourcecode.swift; path = TimetableEntryCellSpec.swift; sourceTree = "<group>"; };
		326726D067A50A5C969B80B3 /* WebSocketTimetableServiceSpec.swift */ = {isa = PBXFileReference; fileEncoding = 4; lastKnownFileType = sourcecode.swift; path = WebSocketTimetableServiceSpec.swift; sourceTree = "<group>"; };
		326726F1DC3F4D09392489B6 /* checkin.json */ = {isa = PBXFileReference; fileEncoding = 4; lastKnownFileType = text.json; path = checkin.json; sourceTree = "<group>"; };
		326726F7D70F0801F3440485 /* DateFormatter+DepartureTimeFormatter.swift */ = {isa = PBXFileReference; fileEncoding = 4; lastKnownFileType = sourcecode.swift; path = "DateFormatter+DepartureTimeFormatter.swift"; sourceTree = "<group>"; };
		3267273FF41CAC6EE6E87BCF /* TimetableEntryResponse.swift */ = {isa = PBXFileReference; fileEncoding = 4; lastKnownFileType = sourcecode.swift; path = TimetableEntryResponse.swift; sourceTree = "<group>"; };
		326727BC0D6A36A1103EB8BF /* timetables_ws.json */ = {isa = PBXFileReference; fileEncoding = 4; lastKnownFileType = text.json; path = timetables_ws.json; sourceTree = "<group>"; };
		326727CB6EC7F98BFF12DA67 /* TimetableService.swift */ = {isa = PBXFileReference; fileEncoding = 4; lastKnownFileType = sourcecode.swift; path = TimetableService.swift; sourceTree = "<group>"; };
		3267291699262237A5B8AB7A /* JSONDecoder+Default.swift */ = {isa = PBXFileReference; fileEncoding = 4; lastKnownFileType = sourcecode.swift; path = "JSONDecoder+Default.swift"; sourceTree = "<group>"; };
		3267297267C3097408AED044 /* WebSocketSpy.swift */ = {isa = PBXFileReference; fileEncoding = 4; lastKnownFileType = sourcecode.swift; path = WebSocketSpy.swift; sourceTree = "<group>"; };
		326729E7C3D3D9D37C4A2CAF /* LocalFileTimetableServiceSpec.swift */ = {isa = PBXFileReference; fileEncoding = 4; lastKnownFileType = sourcecode.swift; path = LocalFileTimetableServiceSpec.swift; sourceTree = "<group>"; };
		326729EA84FE3D51ED3CC2F1 /* TimetableViewControllerSpec.swift */ = {isa = PBXFileReference; fileEncoding = 4; lastKnownFileType = sourcecode.swift; path = TimetableViewControllerSpec.swift; sourceTree = "<group>"; };
		32672A343FA90C2695CEF4F0 /* LocalFileTimetableService.swift */ = {isa = PBXFileReference; fileEncoding = 4; lastKnownFileType = sourcecode.swift; path = LocalFileTimetableService.swift; sourceTree = "<group>"; };
		32672AC5CCE0100A93065CDC /* CheckInViewControllerSpec.swift */ = {isa = PBXFileReference; fileEncoding = 4; lastKnownFileType = sourcecode.swift; path = CheckInViewControllerSpec.swift; sourceTree = "<group>"; };
		32672C04D38B780E038A06E6 /* CheckInService.swift */ = {isa = PBXFileReference; fileEncoding = 4; lastKnownFileType = sourcecode.swift; path = CheckInService.swift; sourceTree = "<group>"; };
		32672C8B1F6D427B4B47BE4F /* TimetableServiceError.swift */ = {isa = PBXFileReference; fileEncoding = 4; lastKnownFileType = sourcecode.swift; path = TimetableServiceError.swift; sourceTree = "<group>"; };
		32672CF680BCD3845909CF9A /* WebsocketTimetableService.swift */ = {isa = PBXFileReference; fileEncoding = 4; lastKnownFileType = sourcecode.swift; path = WebsocketTimetableService.swift; sourceTree = "<group>"; };
		32672D99CFA6F5498A5FC856 /* CheckInSpec.swift */ = {isa = PBXFileReference; fileEncoding = 4; lastKnownFileType = sourcecode.swift; path = CheckInSpec.swift; sourceTree = "<group>"; };
		32672DC1EE060FE8FB8B84C7 /* TimetableEntry+TestData.swift */ = {isa = PBXFileReference; fileEncoding = 4; lastKnownFileType = sourcecode.swift; path = "TimetableEntry+TestData.swift"; sourceTree = "<group>"; };
		32672DEEDB3731CA7FA1CF97 /* JSONDecoder+Timetable.swift */ = {isa = PBXFileReference; fileEncoding = 4; lastKnownFileType = sourcecode.swift; path = "JSONDecoder+Timetable.swift"; sourceTree = "<group>"; };
		32672E1AB2BE8EA77279AE1C /* Timezone+GMT.swift */ = {isa = PBXFileReference; fileEncoding = 4; lastKnownFileType = sourcecode.swift; path = "Timezone+GMT.swift"; sourceTree = "<group>"; };
		32672E1F998A5BC139CB3AC7 /* CheckIn.swift */ = {isa = PBXFileReference; fileEncoding = 4; lastKnownFileType = sourcecode.swift; path = CheckIn.swift; sourceTree = "<group>"; };
		32672E20A19BE2B31AF04333 /* TimetableServiceStub.swift */ = {isa = PBXFileReference; fileEncoding = 4; lastKnownFileType = sourcecode.swift; path = TimetableServiceStub.swift; sourceTree = "<group>"; };
		32672E475FC73DE3110971CA /* DateFormatter+WithGMT.swift */ = {isa = PBXFileReference; fileEncoding = 4; lastKnownFileType = sourcecode.swift; path = "DateFormatter+WithGMT.swift"; sourceTree = "<group>"; };
		32672F3BC3166B73E9D714A0 /* TimetableFiltering.swift */ = {isa = PBXFileReference; fileEncoding = 4; lastKnownFileType = sourcecode.swift; path = TimetableFiltering.swift; sourceTree = "<group>"; };
		32672FA189DB7DA854BB188C /* Bundle+TestBundle.swift */ = {isa = PBXFileReference; fileEncoding = 4; lastKnownFileType = sourcecode.swift; path = "Bundle+TestBundle.swift"; sourceTree = "<group>"; };
		32672FC6943A51BD59ABBABA /* HTTPTimetableService.swift */ = {isa = PBXFileReference; fileEncoding = 4; lastKnownFileType = sourcecode.swift; path = HTTPTimetableService.swift; sourceTree = "<group>"; };
		32672FC7C0F47B0744317E7B /* String+Date.swift */ = {isa = PBXFileReference; fileEncoding = 4; lastKnownFileType = sourcecode.swift; path = "String+Date.swift"; sourceTree = "<group>"; };
		4E7A58E521B8374800BC2F3E /* TimetableEntriesParsing.swift */ = {isa = PBXFileReference; lastKnownFileType = sourcecode.swift; path = TimetableEntriesParsing.swift; sourceTree = "<group>"; };
		4EB9BAD421C006EA001BE102 /* main.swift */ = {isa = PBXFileReference; lastKnownFileType = sourcecode.swift; path = main.swift; sourceTree = "<group>"; };
		4EB9BAD621C0071A001BE102 /* AppDelegateStub.swift */ = {isa = PBXFileReference; lastKnownFileType = sourcecode.swift; path = AppDelegateStub.swift; sourceTree = "<group>"; };
		4EB9BAF721C279A1001BE102 /* Starscream.framework */ = {isa = PBXFileReference; lastKnownFileType = wrapper.framework; name = Starscream.framework; path = Carthage/Build/iOS/Starscream.framework; sourceTree = "<group>"; };
		4EB9BAF921C279E8001BE102 /* RxSwift.framework */ = {isa = PBXFileReference; lastKnownFileType = wrapper.framework; name = RxSwift.framework; path = Carthage/Build/iOS/RxSwift.framework; sourceTree = "<group>"; };
		4EB9BAFB21C279EB001BE102 /* RxCocoa.framework */ = {isa = PBXFileReference; lastKnownFileType = wrapper.framework; name = RxCocoa.framework; path = Carthage/Build/iOS/RxCocoa.framework; sourceTree = "<group>"; };
		4EB9BB1721C28024001BE102 /* OHHTTPStubs.framework */ = {isa = PBXFileReference; lastKnownFileType = wrapper.framework; name = OHHTTPStubs.framework; path = Carthage/Build/iOS/OHHTTPStubs.framework; sourceTree = "<group>"; };
		4EB9BB1821C28025001BE102 /* Nimble.framework */ = {isa = PBXFileReference; lastKnownFileType = wrapper.framework; name = Nimble.framework; path = Carthage/Build/iOS/Nimble.framework; sourceTree = "<group>"; };
		4EB9BB1921C28025001BE102 /* RxBlocking.framework */ = {isa = PBXFileReference; lastKnownFileType = wrapper.framework; name = RxBlocking.framework; path = Carthage/Build/iOS/RxBlocking.framework; sourceTree = "<group>"; };
		4EB9BB1A21C28025001BE102 /* RxTest.framework */ = {isa = PBXFileReference; lastKnownFileType = wrapper.framework; name = RxTest.framework; path = Carthage/Build/iOS/RxTest.framework; sourceTree = "<group>"; };
		4EB9BB1B21C28025001BE102 /* Quick.framework */ = {isa = PBXFileReference; lastKnownFileType = wrapper.framework; name = Quick.framework; path = Carthage/Build/iOS/Quick.framework; sourceTree = "<group>"; };
		4EEB639921C7F8E000C8395E /* TimetableService+Completion.swift */ = {isa = PBXFileReference; lastKnownFileType = sourcecode.swift; path = "TimetableService+Completion.swift"; sourceTree = "<group>"; };
		542605821FB2738000ADB26A /* TimetableEntryParser.swift */ = {isa = PBXFileReference; lastKnownFileType = sourcecode.swift; path = TimetableEntryParser.swift; sourceTree = "<group>"; };
		54CDC9121FB26961006C2F55 /* Example.JSON */ = {isa = PBXFileReference; lastKnownFileType = text.json; path = Example.JSON; sourceTree = "<group>"; };
		54CDC9131FB2696E006C2F55 /* TimetableFileProvider.swift */ = {isa = PBXFileReference; lastKnownFileType = sourcecode.swift; path = TimetableFileProvider.swift; sourceTree = "<group>"; };
		54CDC9151FB269A8006C2F55 /* TimetableEntry.swift */ = {isa = PBXFileReference; lastKnownFileType = sourcecode.swift; path = TimetableEntry.swift; sourceTree = "<group>"; };
		54CDC9171FB26A49006C2F55 /* TimetableProviding.swift */ = {isa = PBXFileReference; lastKnownFileType = sourcecode.swift; path = TimetableProviding.swift; sourceTree = "<group>"; };
		54FB8ECE1FB262F700BDE4B5 /* Workshops-Module2.app */ = {isa = PBXFileReference; explicitFileType = wrapper.application; includeInIndex = 0; path = "Workshops-Module2.app"; sourceTree = BUILT_PRODUCTS_DIR; };
		54FB8ED11FB262F700BDE4B5 /* AppDelegate.swift */ = {isa = PBXFileReference; lastKnownFileType = sourcecode.swift; path = AppDelegate.swift; sourceTree = "<group>"; };
		54FB8ED31FB262F700BDE4B5 /* TimetableViewController.swift */ = {isa = PBXFileReference; lastKnownFileType = sourcecode.swift; path = TimetableViewController.swift; sourceTree = "<group>"; };
		54FB8ED81FB262F700BDE4B5 /* Assets.xcassets */ = {isa = PBXFileReference; lastKnownFileType = folder.assetcatalog; path = Assets.xcassets; sourceTree = "<group>"; };
		54FB8EDB1FB262F700BDE4B5 /* Base */ = {isa = PBXFileReference; lastKnownFileType = file.storyboard; name = Base; path = Base.lproj/LaunchScreen.storyboard; sourceTree = "<group>"; };
		54FB8EDD1FB262F700BDE4B5 /* Info.plist */ = {isa = PBXFileReference; lastKnownFileType = text.plist.xml; path = Info.plist; sourceTree = "<group>"; };
		54FB8EE71FB264F400BDE4B5 /* TimetableView.swift */ = {isa = PBXFileReference; lastKnownFileType = sourcecode.swift; path = TimetableView.swift; sourceTree = "<group>"; };
		79684EE921AD816C00C0C29E /* CheckInStatus.swift */ = {isa = PBXFileReference; lastKnownFileType = sourcecode.swift; path = CheckInStatus.swift; sourceTree = "<group>"; };
		799D1C5221B7FD2300D2CB53 /* WindowFactory.swift */ = {isa = PBXFileReference; lastKnownFileType = sourcecode.swift; path = WindowFactory.swift; sourceTree = "<group>"; };
		799D1C5621B7FDB200D2CB53 /* WindowFactorySpec.swift */ = {isa = PBXFileReference; fileEncoding = 4; lastKnownFileType = sourcecode.swift; path = WindowFactorySpec.swift; sourceTree = "<group>"; };
		799D1C5921B8032100D2CB53 /* WindowFactoryProtocol.swift */ = {isa = PBXFileReference; lastKnownFileType = sourcecode.swift; path = WindowFactoryProtocol.swift; sourceTree = "<group>"; };
		799D1C5B21B8045500D2CB53 /* AppDelegateSpec.swift */ = {isa = PBXFileReference; fileEncoding = 4; lastKnownFileType = sourcecode.swift; path = AppDelegateSpec.swift; sourceTree = "<group>"; };
		799D1C5F21B805AD00D2CB53 /* WindowFactorySpy.swift */ = {isa = PBXFileReference; lastKnownFileType = sourcecode.swift; path = WindowFactorySpy.swift; sourceTree = "<group>"; };
		8C0826421FF3BF3200B33DBD /* Workshops-Module2Tests.xctest */ = {isa = PBXFileReference; explicitFileType = wrapper.cfbundle; includeInIndex = 0; path = "Workshops-Module2Tests.xctest"; sourceTree = BUILT_PRODUCTS_DIR; };
		8C0826461FF3BF3200B33DBD /* Info.plist */ = {isa = PBXFileReference; lastKnownFileType = text.plist.xml; path = Info.plist; sourceTree = "<group>"; };
		8C08264D1FF3C13500B33DBD /* timetables.json */ = {isa = PBXFileReference; lastKnownFileType = text.json; path = timetables.json; sourceTree = "<group>"; };
		8C93111921DCF14F00CF3C99 /* SVProgressHUD.framework */ = {isa = PBXFileReference; lastKnownFileType = wrapper.framework; name = SVProgressHUD.framework; path = Carthage/Build/iOS/SVProgressHUD.framework; sourceTree = "<group>"; };
		8C93111A21DCF14F00CF3C99 /* RxSwiftUtilities.framework */ = {isa = PBXFileReference; lastKnownFileType = wrapper.framework; name = RxSwiftUtilities.framework; path = Carthage/Build/iOS/RxSwiftUtilities.framework; sourceTree = "<group>"; };
		8C93111F21DCF36500CF3C99 /* UIApplication+RxSpec.swift */ = {isa = PBXFileReference; lastKnownFileType = sourcecode.swift; path = "UIApplication+RxSpec.swift"; sourceTree = "<group>"; };
		8C93112221DCF4C200CF3C99 /* UIApplication+Rx.swift */ = {isa = PBXFileReference; lastKnownFileType = sourcecode.swift; path = "UIApplication+Rx.swift"; sourceTree = "<group>"; };
		8C93112521DD07AC00CF3C99 /* TimetableViewController+PullToRefreshSpec.swift */ = {isa = PBXFileReference; lastKnownFileType = sourcecode.swift; path = "TimetableViewController+PullToRefreshSpec.swift"; sourceTree = "<group>"; };
		8C93112721DD087600CF3C99 /* UIRefreshControl+SimulateRefresh.swift */ = {isa = PBXFileReference; lastKnownFileType = sourcecode.swift; path = "UIRefreshControl+SimulateRefresh.swift"; sourceTree = "<group>"; };
		8C93112921DD0BBB00CF3C99 /* TimetableViewController+ActivityIndicatorSpec.swift */ = {isa = PBXFileReference; lastKnownFileType = sourcecode.swift; path = "TimetableViewController+ActivityIndicatorSpec.swift"; sourceTree = "<group>"; };
		8CF6B28E220C6FCF0024487B /* DateFormatter+DepartureTimeFormatterSpec.swift */ = {isa = PBXFileReference; lastKnownFileType = sourcecode.swift; path = "DateFormatter+DepartureTimeFormatterSpec.swift"; sourceTree = "<group>"; };
		DA6045BD3C04A9C8873AECA3 /* RootControllerFactorySpec.swift */ = {isa = PBXFileReference; fileEncoding = 4; lastKnownFileType = sourcecode.swift; path = RootControllerFactorySpec.swift; sourceTree = "<group>"; };
		DA60C964E52C605921D8CECD /* RootControllerFactoryProtocol.swift */ = {isa = PBXFileReference; fileEncoding = 4; lastKnownFileType = sourcecode.swift; path = RootControllerFactoryProtocol.swift; sourceTree = "<group>"; };
		DA626BFD4A7DF386AD762356 /* FilterView.swift */ = {isa = PBXFileReference; fileEncoding = 4; lastKnownFileType = sourcecode.swift; path = FilterView.swift; sourceTree = "<group>"; };
		DA63646D2DD8509B393969C1 /* TimeTableCellPresenter+TestInstance.swift */ = {isa = PBXFileReference; fileEncoding = 4; lastKnownFileType = sourcecode.swift; path = "TimeTableCellPresenter+TestInstance.swift"; sourceTree = "<group>"; };
		DA64F47A0098F654A7043CE1 /* UIControl+SimulateTap.swift */ = {isa = PBXFileReference; fileEncoding = 4; lastKnownFileType = sourcecode.swift; path = "UIControl+SimulateTap.swift"; sourceTree = "<group>"; };
		DA6BB602A8C34F1996925485 /* UISegmentedControl+SimulateTap.swift */ = {isa = PBXFileReference; fileEncoding = 4; lastKnownFileType = sourcecode.swift; path = "UISegmentedControl+SimulateTap.swift"; sourceTree = "<group>"; };
		DA6C80B8E0466EA7E039AEF2 /* RootControllerFactoryStub.swift */ = {isa = PBXFileReference; fileEncoding = 4; lastKnownFileType = sourcecode.swift; path = RootControllerFactoryStub.swift; sourceTree = "<group>"; };
		DA6E54562F47F22AEEDC6737 /* TimetableFilterSpy.swift */ = {isa = PBXFileReference; fileEncoding = 4; lastKnownFileType = sourcecode.swift; path = TimetableFilterSpy.swift; sourceTree = "<group>"; };
		DA6ED1DCB80193EE56027D97 /* RootControllerFactory.swift */ = {isa = PBXFileReference; fileEncoding = 4; lastKnownFileType = sourcecode.swift; path = RootControllerFactory.swift; sourceTree = "<group>"; };
/* End PBXFileReference section */

/* Begin PBXFrameworksBuildPhase section */
		54FB8ECB1FB262F700BDE4B5 /* Frameworks */ = {
			isa = PBXFrameworksBuildPhase;
			buildActionMask = 2147483647;
			files = (
				4EB9BAF821C279A1001BE102 /* Starscream.framework in Frameworks */,
				4EB9BAFA21C279E8001BE102 /* RxSwift.framework in Frameworks */,
				4EB9BAFC21C279EB001BE102 /* RxCocoa.framework in Frameworks */,
				8C93111B21DCF14F00CF3C99 /* SVProgressHUD.framework in Frameworks */,
				8C93111C21DCF14F00CF3C99 /* RxSwiftUtilities.framework in Frameworks */,
			);
			runOnlyForDeploymentPostprocessing = 0;
		};
		8C08263F1FF3BF3200B33DBD /* Frameworks */ = {
			isa = PBXFrameworksBuildPhase;
			buildActionMask = 2147483647;
			files = (
			);
			runOnlyForDeploymentPostprocessing = 0;
		};
/* End PBXFrameworksBuildPhase section */

/* Begin PBXGroup section */
		1A563C8600919B679F7FEB76 /* Cell */ = {
			isa = PBXGroup;
			children = (
				1A563976B28BB1D481F76DDD /* TimetableEntryCell.swift */,
			);
			path = Cell;
			sourceTree = "<group>";
		};
		1A563D6A615ED65461DC0790 /* Presenters */ = {
			isa = PBXGroup;
			children = (
				1A563BECE1CB9C1CE4F9A872 /* TimeTableCellPresenter.swift */,
			);
			path = Presenters;
			sourceTree = "<group>";
		};
		32672046F1FF0A31BAE16534 /* CheckIn */ = {
			isa = PBXGroup;
			children = (
				32672AC5CCE0100A93065CDC /* CheckInViewControllerSpec.swift */,
			);
			path = CheckIn;
			sourceTree = "<group>";
		};
		326720F80A4C09B3787C4981 /* Timetable */ = {
			isa = PBXGroup;
			children = (
				32672C3A29BE8306C5555B75 /* Logic */,
				32672FDD980BBB44028A481C /* View */,
				8C93112921DD0BBB00CF3C99 /* TimetableViewController+ActivityIndicatorSpec.swift */,
				8C93112521DD07AC00CF3C99 /* TimetableViewController+PullToRefreshSpec.swift */,
				326729EA84FE3D51ED3CC2F1 /* TimetableViewControllerSpec.swift */,
			);
			path = Timetable;
			sourceTree = "<group>";
		};
		3267211C9B97974645789CAA /* Sources */ = {
			isa = PBXGroup;
			children = (
				3267218ADA34640E050D7441 /* Data */,
				8C93111E21DCF33700CF3C99 /* Extensions */,
				799D1C5521B7FD9B00D2CB53 /* Factories */,
				3267247AC173BBDAB15C7DD2 /* Screens */,
				799D1C5B21B8045500D2CB53 /* AppDelegateSpec.swift */,
			);
			path = Sources;
			sourceTree = "<group>";
		};
		3267214704D840359F605389 /* Doubles */ = {
			isa = PBXGroup;
			children = (
				3267233A210B61552C098611 /* Spies */,
				3267244D05705B207BA606CC /* Stubs */,
			);
			path = Doubles;
			sourceTree = "<group>";
		};
		3267218ADA34640E050D7441 /* Data */ = {
			isa = PBXGroup;
			children = (
				32672D5470A5730B15197AB1 /* Model */,
				326729BFE008FE3E30A09E25 /* Service */,
			);
			path = Data;
			sourceTree = "<group>";
		};
		3267233A210B61552C098611 /* Spies */ = {
			isa = PBXGroup;
			children = (
				326720278C7DC882080A8646 /* CheckInServiceSpy.swift */,
				DA6E54562F47F22AEEDC6737 /* TimetableFilterSpy.swift */,
				3267297267C3097408AED044 /* WebSocketSpy.swift */,
				799D1C5F21B805AD00D2CB53 /* WindowFactorySpy.swift */,
			);
			path = Spies;
			sourceTree = "<group>";
		};
		32672418406586EF60B36737 /* Impl */ = {
			isa = PBXGroup;
			children = (
				32672150EEC3F783FE8186AD /* DefaultCheckInService.swift */,
				32672FC6943A51BD59ABBABA /* HTTPTimetableService.swift */,
				32672A343FA90C2695CEF4F0 /* LocalFileTimetableService.swift */,
				32672CF680BCD3845909CF9A /* WebsocketTimetableService.swift */,
			);
			path = Impl;
			sourceTree = "<group>";
		};
		32672447525440E249120F6F /* JSONDecoder */ = {
			isa = PBXGroup;
			children = (
				3267291699262237A5B8AB7A /* JSONDecoder+Default.swift */,
				32672DEEDB3731CA7FA1CF97 /* JSONDecoder+Timetable.swift */,
			);
			path = JSONDecoder;
			sourceTree = "<group>";
		};
		3267244A1DAD6B9A29FA6F6E /* Data */ = {
			isa = PBXGroup;
			children = (
				32672DC1EE060FE8FB8B84C7 /* TimetableEntry+TestData.swift */,
			);
			path = Data;
			sourceTree = "<group>";
		};
		3267244D05705B207BA606CC /* Stubs */ = {
			isa = PBXGroup;
			children = (
				4EB9BAD621C0071A001BE102 /* AppDelegateStub.swift */,
				DA6C80B8E0466EA7E039AEF2 /* RootControllerFactoryStub.swift */,
				32672E20A19BE2B31AF04333 /* TimetableServiceStub.swift */,
			);
			path = Stubs;
			sourceTree = "<group>";
		};
		3267247AC173BBDAB15C7DD2 /* Screens */ = {
			isa = PBXGroup;
			children = (
				32672046F1FF0A31BAE16534 /* CheckIn */,
				326720F80A4C09B3787C4981 /* Timetable */,
			);
			path = Screens;
			sourceTree = "<group>";
		};
		326724ECD55DA7D0D77FBB8C /* Extensions */ = {
			isa = PBXGroup;
			children = (
				326723D5A2E3552347AD70C5 /* Bundle+JSONData.swift */,
				32672FA189DB7DA854BB188C /* Bundle+TestBundle.swift */,
				32672E475FC73DE3110971CA /* DateFormatter+WithGMT.swift */,
				32672FC7C0F47B0744317E7B /* String+Date.swift */,
				32672E1AB2BE8EA77279AE1C /* Timezone+GMT.swift */,
				DA64F47A0098F654A7043CE1 /* UIControl+SimulateTap.swift */,
				8C93112721DD087600CF3C99 /* UIRefreshControl+SimulateRefresh.swift */,
				DA6BB602A8C34F1996925485 /* UISegmentedControl+SimulateTap.swift */,
				32672320D0BBA7FFE34040D2 /* URLRequest+Verify.swift */,
			);
			path = Extensions;
			sourceTree = "<group>";
		};
		326725C9445647616DD2A1A9 /* JSONEncoder */ = {
			isa = PBXGroup;
			children = (
				326722CA318AE60175718501 /* JSONEncoder+Serialized.swift */,
			);
			path = JSONEncoder;
			sourceTree = "<group>";
		};
		326726975A6F5694AA620845 /* Error */ = {
			isa = PBXGroup;
			children = (
				326724EDFC9FF98D6D7876CF /* CheckInServiceError.swift */,
				32672C8B1F6D427B4B47BE4F /* TimetableServiceError.swift */,
			);
			path = Error;
			sourceTree = "<group>";
		};
		326727BCC77E0B0412BD2C12 /* Service */ = {
			isa = PBXGroup;
			children = (
				4EEB639821C7F8CF00C8395E /* Extensions */,
				32672418406586EF60B36737 /* Impl */,
				32672C04D38B780E038A06E6 /* CheckInService.swift */,
				326727CB6EC7F98BFF12DA67 /* TimetableService.swift */,
			);
			path = Service;
			sourceTree = "<group>";
		};
		326727D9C64AF69FAA12A583 /* CheckIn */ = {
			isa = PBXGroup;
			children = (
				32672C20D78114A2056F4374 /* Views */,
				79684EE921AD816C00C0C29E /* CheckInStatus.swift */,
				326721327B6CA41E97DCE2CE /* CheckInViewController.swift */,
			);
			path = CheckIn;
			sourceTree = "<group>";
		};
		326727F330698C17219B0F0F /* DateFormatter */ = {
			isa = PBXGroup;
			children = (
				326726F7D70F0801F3440485 /* DateFormatter+DepartureTimeFormatter.swift */,
			);
			path = DateFormatter;
			sourceTree = "<group>";
		};
		326728D865E9134B729DC874 /* Model */ = {
			isa = PBXGroup;
			children = (
				326720EF64CCFD23520E595E /* Filter.swift */,
			);
			path = Model;
			sourceTree = "<group>";
		};
		3267298939B8E0A4E23B5722 /* UIImage */ = {
			isa = PBXGroup;
			children = (
				32672125378FFA51CE6E0C27 /* UIImage+WithColor.swift */,
			);
			path = UIImage;
			sourceTree = "<group>";
		};
		326729BFE008FE3E30A09E25 /* Service */ = {
			isa = PBXGroup;
			children = (
				32672A32D89DBA6F4EC8B901 /* Impl */,
			);
			path = Service;
			sourceTree = "<group>";
		};
		326729F5870DA58D4BEBF410 /* Cell */ = {
			isa = PBXGroup;
			children = (
				3267266B02158B3986AA6B9B /* TimetableEntryCellSpec.swift */,
			);
			path = Cell;
			sourceTree = "<group>";
		};
		32672A098B88AFB6AC662776 /* Utilities */ = {
			isa = PBXGroup;
			children = (
				326724ECD55DA7D0D77FBB8C /* Extensions */,
			);
			path = Utilities;
			sourceTree = "<group>";
		};
		32672A32D89DBA6F4EC8B901 /* Impl */ = {
			isa = PBXGroup;
			children = (
				32672275DEFC69E3A577C656 /* DefaultCheckInServiceSpec.swift */,
				32672649FE9077EA9ABB8C55 /* HTTPTimetableServiceSpec.swift */,
				326729E7C3D3D9D37C4A2CAF /* LocalFileTimetableServiceSpec.swift */,
				326726D067A50A5C969B80B3 /* WebSocketTimetableServiceSpec.swift */,
			);
			path = Impl;
			sourceTree = "<group>";
		};
		32672B754464503CB7F2884B /* Logic */ = {
			isa = PBXGroup;
			children = (
				326725FD8C6F9561A4CE1485 /* TimetableFilter.swift */,
				32672F3BC3166B73E9D714A0 /* TimetableFiltering.swift */,
			);
			path = Logic;
			sourceTree = "<group>";
		};
		32672C20D78114A2056F4374 /* Views */ = {
			isa = PBXGroup;
			children = (
				326725D32798ED0629139F4B /* CheckInView.swift */,
			);
			path = Views;
			sourceTree = "<group>";
		};
		32672C3A29BE8306C5555B75 /* Logic */ = {
			isa = PBXGroup;
			children = (
				326721882A0FBD7D662C1C11 /* TimetableFilterSpec.swift */,
			);
			path = Logic;
			sourceTree = "<group>";
		};
		32672C7B3566AD87F8F6B5BC /* Extensions */ = {
			isa = PBXGroup;
			children = (
				32672D079E014594EC740A10 /* CGContext */,
				326727F330698C17219B0F0F /* DateFormatter */,
				32672447525440E249120F6F /* JSONDecoder */,
				326725C9445647616DD2A1A9 /* JSONEncoder */,
				8C93111D21DCF2FB00CF3C99 /* UIApplication */,
				3267298939B8E0A4E23B5722 /* UIImage */,
			);
			path = Extensions;
			sourceTree = "<group>";
		};
		32672D079E014594EC740A10 /* CGContext */ = {
			isa = PBXGroup;
			children = (
				32672571BA5242F5E51ADE4F /* CGContext+DrawImage.swift */,
			);
			path = CGContext;
			sourceTree = "<group>";
		};
		32672D5470A5730B15197AB1 /* Model */ = {
			isa = PBXGroup;
			children = (
				32672D99CFA6F5498A5FC856 /* CheckInSpec.swift */,
				3267218267EF810C9ACBAFF9 /* TimetableEntryResponseSpec.swift */,
			);
			path = Model;
			sourceTree = "<group>";
		};
		32672FDD980BBB44028A481C /* View */ = {
			isa = PBXGroup;
			children = (
				326729F5870DA58D4BEBF410 /* Cell */,
			);
			path = View;
			sourceTree = "<group>";
		};
		4EB9BAD321C006DF001BE102 /* Application */ = {
			isa = PBXGroup;
			children = (
				4EB9BAD421C006EA001BE102 /* main.swift */,
			);
			path = Application;
			sourceTree = "<group>";
		};
		4EB9BAF621C279A1001BE102 /* Frameworks */ = {
			isa = PBXGroup;
			children = (
				8C93111A21DCF14F00CF3C99 /* RxSwiftUtilities.framework */,
				8C93111921DCF14F00CF3C99 /* SVProgressHUD.framework */,
				4EB9BB1821C28025001BE102 /* Nimble.framework */,
				4EB9BB1721C28024001BE102 /* OHHTTPStubs.framework */,
				4EB9BB1B21C28025001BE102 /* Quick.framework */,
				4EB9BB1921C28025001BE102 /* RxBlocking.framework */,
				4EB9BB1A21C28025001BE102 /* RxTest.framework */,
				4EB9BAFB21C279EB001BE102 /* RxCocoa.framework */,
				4EB9BAF921C279E8001BE102 /* RxSwift.framework */,
				4EB9BAF721C279A1001BE102 /* Starscream.framework */,
			);
			name = Frameworks;
			sourceTree = "<group>";
		};
		4EEB639821C7F8CF00C8395E /* Extensions */ = {
			isa = PBXGroup;
			children = (
				4EEB639921C7F8E000C8395E /* TimetableService+Completion.swift */,
			);
			path = Extensions;
			sourceTree = "<group>";
		};
		542605811FB2736000ADB26A /* Parser */ = {
			isa = PBXGroup;
			children = (
				4E7A58E521B8374800BC2F3E /* TimetableEntriesParsing.swift */,
				542605821FB2738000ADB26A /* TimetableEntryParser.swift */,
			);
			path = Parser;
			sourceTree = "<group>";
		};
		549A8D201FB3B279000F0F2A /* Views */ = {
			isa = PBXGroup;
			children = (
				1A563C8600919B679F7FEB76 /* Cell */,
				DA626BFD4A7DF386AD762356 /* FilterView.swift */,
				54FB8EE71FB264F400BDE4B5 /* TimetableView.swift */,
			);
			path = Views;
			sourceTree = "<group>";
		};
		54CDC9111FB26916006C2F55 /* Data */ = {
			isa = PBXGroup;
			children = (
				326726975A6F5694AA620845 /* Error */,
				54CDC91A1FB26A7C006C2F55 /* File */,
				54CDC9191FB26A70006C2F55 /* Model */,
				542605811FB2736000ADB26A /* Parser */,
				326727BCC77E0B0412BD2C12 /* Service */,
				54CDC9171FB26A49006C2F55 /* TimetableProviding.swift */,
			);
			path = Data;
			sourceTree = "<group>";
		};
		54CDC9191FB26A70006C2F55 /* Model */ = {
			isa = PBXGroup;
			children = (
				32672E1F998A5BC139CB3AC7 /* CheckIn.swift */,
				54CDC9151FB269A8006C2F55 /* TimetableEntry.swift */,
				3267273FF41CAC6EE6E87BCF /* TimetableEntryResponse.swift */,
			);
			path = Model;
			sourceTree = "<group>";
		};
		54CDC91A1FB26A7C006C2F55 /* File */ = {
			isa = PBXGroup;
			children = (
				54CDC9121FB26961006C2F55 /* Example.JSON */,
				54CDC9131FB2696E006C2F55 /* TimetableFileProvider.swift */,
			);
			path = File;
			sourceTree = "<group>";
		};
		54FB8EC51FB262F700BDE4B5 = {
			isa = PBXGroup;
			children = (
				4EB9BAF621C279A1001BE102 /* Frameworks */,
				54FB8ECF1FB262F700BDE4B5 /* Products */,
				54FB8ED01FB262F700BDE4B5 /* Sources */,
				8C0826431FF3BF3200B33DBD /* Tests */,
			);
			sourceTree = "<group>";
		};
		54FB8ECF1FB262F700BDE4B5 /* Products */ = {
			isa = PBXGroup;
			children = (
				54FB8ECE1FB262F700BDE4B5 /* Workshops-Module2.app */,
				8C0826421FF3BF3200B33DBD /* Workshops-Module2Tests.xctest */,
			);
			name = Products;
			sourceTree = "<group>";
		};
		54FB8ED01FB262F700BDE4B5 /* Sources */ = {
			isa = PBXGroup;
			children = (
				4EB9BAD321C006DF001BE102 /* Application */,
				54CDC9111FB26916006C2F55 /* Data */,
				32672C7B3566AD87F8F6B5BC /* Extensions */,
				799D1C5421B7FD8C00D2CB53 /* Factories */,
				54FB8EE41FB2645900BDE4B5 /* Screens */,
				54FB8EE51FB2646000BDE4B5 /* Supporting files */,
				54FB8ED11FB262F700BDE4B5 /* AppDelegate.swift */,
			);
			path = Sources;
			sourceTree = "<group>";
		};
		54FB8EE41FB2645900BDE4B5 /* Screens */ = {
			isa = PBXGroup;
			children = (
				326727D9C64AF69FAA12A583 /* CheckIn */,
				54FB8EE61FB264DD00BDE4B5 /* Timetable */,
			);
			path = Screens;
			sourceTree = "<group>";
		};
		54FB8EE51FB2646000BDE4B5 /* Supporting files */ = {
			isa = PBXGroup;
			children = (
				54FB8ED81FB262F700BDE4B5 /* Assets.xcassets */,
				54FB8EDD1FB262F700BDE4B5 /* Info.plist */,
				54FB8EDA1FB262F700BDE4B5 /* LaunchScreen.storyboard */,
			);
			path = "Supporting files";
			sourceTree = "<group>";
		};
		54FB8EE61FB264DD00BDE4B5 /* Timetable */ = {
			isa = PBXGroup;
			children = (
				32672B754464503CB7F2884B /* Logic */,
				326728D865E9134B729DC874 /* Model */,
				1A563D6A615ED65461DC0790 /* Presenters */,
				549A8D201FB3B279000F0F2A /* Views */,
				54FB8ED31FB262F700BDE4B5 /* TimetableViewController.swift */,
			);
			path = Timetable;
			sourceTree = "<group>";
		};
		799D1C5421B7FD8C00D2CB53 /* Factories */ = {
			isa = PBXGroup;
			children = (
				DA6ED1DCB80193EE56027D97 /* RootControllerFactory.swift */,
				DA60C964E52C605921D8CECD /* RootControllerFactoryProtocol.swift */,
				799D1C5221B7FD2300D2CB53 /* WindowFactory.swift */,
				799D1C5921B8032100D2CB53 /* WindowFactoryProtocol.swift */,
			);
			path = Factories;
			sourceTree = "<group>";
		};
		799D1C5521B7FD9B00D2CB53 /* Factories */ = {
			isa = PBXGroup;
			children = (
				DA6045BD3C04A9C8873AECA3 /* RootControllerFactorySpec.swift */,
				799D1C5621B7FDB200D2CB53 /* WindowFactorySpec.swift */,
			);
			path = Factories;
			sourceTree = "<group>";
		};
		8C0826431FF3BF3200B33DBD /* Tests */ = {
			isa = PBXGroup;
			children = (
				3267244A1DAD6B9A29FA6F6E /* Data */,
				3267214704D840359F605389 /* Doubles */,
				8C08264C1FF3C11F00B33DBD /* Fixtures */,
				3267211C9B97974645789CAA /* Sources */,
				32672A098B88AFB6AC662776 /* Utilities */,
				8C0826461FF3BF3200B33DBD /* Info.plist */,
			);
			path = Tests;
			sourceTree = "<group>";
		};
		8C08264C1FF3C11F00B33DBD /* Fixtures */ = {
			isa = PBXGroup;
			children = (
				DA60135EF3BF09ECDC7F3AC1 /* TestInstances */,
				326726F1DC3F4D09392489B6 /* checkin.json */,
				8C08264D1FF3C13500B33DBD /* timetables.json */,
				326727BC0D6A36A1103EB8BF /* timetables_ws.json */,
			);
			path = Fixtures;
			sourceTree = "<group>";
		};
		8C93111D21DCF2FB00CF3C99 /* UIApplication */ = {
			isa = PBXGroup;
			children = (
				8C93112221DCF4C200CF3C99 /* UIApplication+Rx.swift */,
			);
			path = UIApplication;
			sourceTree = "<group>";
		};
		8C93111E21DCF33700CF3C99 /* Extensions */ = {
			isa = PBXGroup;
			children = (
				8CF6B28D220C6FB50024487B /* DateFormatter */,
				8C93112421DCF8DF00CF3C99 /* UIApplication */,
			);
			path = Extensions;
			sourceTree = "<group>";
		};
		8C93112421DCF8DF00CF3C99 /* UIApplication */ = {
			isa = PBXGroup;
			children = (
				8C93111F21DCF36500CF3C99 /* UIApplication+RxSpec.swift */,
			);
			path = UIApplication;
			sourceTree = "<group>";
		};
		8CF6B28D220C6FB50024487B /* DateFormatter */ = {
			isa = PBXGroup;
			children = (
				8CF6B28E220C6FCF0024487B /* DateFormatter+DepartureTimeFormatterSpec.swift */,
			);
			path = DateFormatter;
			sourceTree = "<group>";
		};
		DA60135EF3BF09ECDC7F3AC1 /* TestInstances */ = {
			isa = PBXGroup;
			children = (
				DA63646D2DD8509B393969C1 /* TimeTableCellPresenter+TestInstance.swift */,
			);
			path = TestInstances;
			sourceTree = "<group>";
		};
/* End PBXGroup section */

/* Begin PBXNativeTarget section */
		54FB8ECD1FB262F700BDE4B5 /* Workshops-Module2 */ = {
			isa = PBXNativeTarget;
			buildConfigurationList = 54FB8EE01FB262F700BDE4B5 /* Build configuration list for PBXNativeTarget "Workshops-Module2" */;
			buildPhases = (
				54FB8ECA1FB262F700BDE4B5 /* Sources */,
				54FB8ECB1FB262F700BDE4B5 /* Frameworks */,
				54FB8ECC1FB262F700BDE4B5 /* Resources */,
				4EB9BB0021C27A44001BE102 /* [Carthage] Copy Frameworks */,
			);
			buildRules = (
			);
			dependencies = (
			);
			name = "Workshops-Module2";
			productName = "Workshops iOS";
			productReference = 54FB8ECE1FB262F700BDE4B5 /* Workshops-Module2.app */;
			productType = "com.apple.product-type.application";
		};
		8C0826411FF3BF3200B33DBD /* Workshops-Module2Tests */ = {
			isa = PBXNativeTarget;
			buildConfigurationList = 8C0826491FF3BF3200B33DBD /* Build configuration list for PBXNativeTarget "Workshops-Module2Tests" */;
			buildPhases = (
				8C08263E1FF3BF3200B33DBD /* Sources */,
				8C08263F1FF3BF3200B33DBD /* Frameworks */,
				8C0826401FF3BF3200B33DBD /* Resources */,
				4EB9BAF521C27907001BE102 /* [Carthage] Embed Frameworks */,
			);
			buildRules = (
			);
			dependencies = (
				8C0826481FF3BF3200B33DBD /* PBXTargetDependency */,
			);
			name = "Workshops-Module2Tests";
			productName = "Workshops-Module2Tests";
			productReference = 8C0826421FF3BF3200B33DBD /* Workshops-Module2Tests.xctest */;
			productType = "com.apple.product-type.bundle.unit-test";
		};
/* End PBXNativeTarget section */

/* Begin PBXProject section */
		54FB8EC61FB262F700BDE4B5 /* Project object */ = {
			isa = PBXProject;
			attributes = {
				LastSwiftUpdateCheck = 0920;
				LastUpgradeCheck = 1010;
				ORGANIZATIONNAME = "El Passion";
				TargetAttributes = {
					54FB8ECD1FB262F700BDE4B5 = {
						CreatedOnToolsVersion = 9.0;
						ProvisioningStyle = Manual;
					};
					8C0826411FF3BF3200B33DBD = {
						CreatedOnToolsVersion = 9.2;
						ProvisioningStyle = Manual;
						TestTargetID = 54FB8ECD1FB262F700BDE4B5;
					};
				};
			};
			buildConfigurationList = 54FB8EC91FB262F700BDE4B5 /* Build configuration list for PBXProject "RxSwift-Workshops-Module2" */;
			compatibilityVersion = "Xcode 8.0";
			developmentRegion = en;
			hasScannedForEncodings = 0;
			knownRegions = (
				en,
				Base,
			);
			mainGroup = 54FB8EC51FB262F700BDE4B5;
			productRefGroup = 54FB8ECF1FB262F700BDE4B5 /* Products */;
			projectDirPath = "";
			projectRoot = "";
			targets = (
				54FB8ECD1FB262F700BDE4B5 /* Workshops-Module2 */,
				8C0826411FF3BF3200B33DBD /* Workshops-Module2Tests */,
			);
		};
/* End PBXProject section */

/* Begin PBXResourcesBuildPhase section */
		54FB8ECC1FB262F700BDE4B5 /* Resources */ = {
			isa = PBXResourcesBuildPhase;
			buildActionMask = 2147483647;
			files = (
				54FB8EDC1FB262F700BDE4B5 /* LaunchScreen.storyboard in Resources */,
				54CDC91B1FB26CD7006C2F55 /* Example.JSON in Resources */,
				54FB8ED91FB262F700BDE4B5 /* Assets.xcassets in Resources */,
			);
			runOnlyForDeploymentPostprocessing = 0;
		};
		8C0826401FF3BF3200B33DBD /* Resources */ = {
			isa = PBXResourcesBuildPhase;
			buildActionMask = 2147483647;
			files = (
				8C08264F1FF3C13D00B33DBD /* timetables.json in Resources */,
				3267239959538CFDE9ACB88E /* timetables_ws.json in Resources */,
				3267271344C628B419D2004D /* checkin.json in Resources */,
			);
			runOnlyForDeploymentPostprocessing = 0;
		};
/* End PBXResourcesBuildPhase section */

/* Begin PBXShellScriptBuildPhase section */
		4EB9BB0021C27A44001BE102 /* [Carthage] Copy Frameworks */ = {
			isa = PBXShellScriptBuildPhase;
			buildActionMask = 2147483647;
			files = (
			);
			inputFileListPaths = (
			);
			inputPaths = (
				"$(SRCROOT)/Carthage/Build/iOS/Starscream.framework",
				"$(SRCROOT)/Carthage/Build/iOS/RxCocoa.framework",
				"$(SRCROOT)/Carthage/Build/iOS/RxSwift.framework",
				"$(SRCROOT)/Carthage/Build/iOS/RxSwiftUtilities.framework",
				"$(SRCROOT)/Carthage/Build/iOS/SVProgressHUD.framework",
			);
			name = "[Carthage] Copy Frameworks";
			outputFileListPaths = (
			);
			outputPaths = (
				"$(BUILT_PRODUCTS_DIR)/$(FRAMEWORKS_FOLDER_PATH)/Starscream.framework",
				"$(BUILT_PRODUCTS_DIR)/$(FRAMEWORKS_FOLDER_PATH)/RxCocoa.framework",
				"$(BUILT_PRODUCTS_DIR)/$(FRAMEWORKS_FOLDER_PATH)/RxSwift.framework",
				"$(BUILT_PRODUCTS_DIR)/$(FRAMEWORKS_FOLDER_PATH)/RxSwiftUtilities.framework",
				"$(BUILT_PRODUCTS_DIR)/$(FRAMEWORKS_FOLDER_PATH)/SVProgressHUD.framework",
			);
			runOnlyForDeploymentPostprocessing = 0;
			shellPath = /bin/sh;
			shellScript = "/usr/local/bin/carthage copy-frameworks\n";
		};
/* End PBXShellScriptBuildPhase section */

/* Begin PBXSourcesBuildPhase section */
		54FB8ECA1FB262F700BDE4B5 /* Sources */ = {
			isa = PBXSourcesBuildPhase;
			buildActionMask = 2147483647;
			files = (
				54CDC9181FB26A49006C2F55 /* TimetableProviding.swift in Sources */,
				54CDC9141FB2696E006C2F55 /* TimetableFileProvider.swift in Sources */,
				4EEB639A21C7F8E000C8395E /* TimetableService+Completion.swift in Sources */,
				54FB8ED41FB262F700BDE4B5 /* TimetableViewController.swift in Sources */,
				542605831FB2738000ADB26A /* TimetableEntryParser.swift in Sources */,
				54FB8EE81FB264F400BDE4B5 /* TimetableView.swift in Sources */,
				54FB8ED21FB262F700BDE4B5 /* AppDelegate.swift in Sources */,
				4EB9BAD521C006EA001BE102 /* main.swift in Sources */,
				54CDC9161FB269A8006C2F55 /* TimetableEntry.swift in Sources */,
				4E7A58E621B8374800BC2F3E /* TimetableEntriesParsing.swift in Sources */,
				79684EEA21AD816C00C0C29E /* CheckInStatus.swift in Sources */,
				1A5633E310E8239A57800E82 /* TimetableEntryCell.swift in Sources */,
				799D1C5A21B8032100D2CB53 /* WindowFactoryProtocol.swift in Sources */,
				1A5635BA0D09AB944D2C2409 /* TimeTableCellPresenter.swift in Sources */,
				32672BB9E804809B30961472 /* JSONDecoder+Default.swift in Sources */,
				326722398F6FE3B4D86ADE60 /* TimetableEntryResponse.swift in Sources */,
				326728713105CB30309AD95B /* TimetableService.swift in Sources */,
				326724C0464A16131E52E5F8 /* HTTPTimetableService.swift in Sources */,
				32672745AAC5286BFAD41648 /* JSONDecoder+Timetable.swift in Sources */,
				326721994FED0C1B52C6C266 /* TimetableServiceError.swift in Sources */,
				32672E31680770596E7778A1 /* LocalFileTimetableService.swift in Sources */,
				32672E513EB6089E89CE8B72 /* WebsocketTimetableService.swift in Sources */,
				32672F328ADB653C2771E5CE /* DateFormatter+DepartureTimeFormatter.swift in Sources */,
				326725EA8E0A37F7AB869A49 /* Filter.swift in Sources */,
				32672C1A62C8E8F2A0E8ABB4 /* TimetableFiltering.swift in Sources */,
				326721FFEA0CB3CD7F4A40BF /* TimetableFilter.swift in Sources */,
				32672269E832510DCF567CC9 /* CheckInViewController.swift in Sources */,
				326722FA751C23C4F6E127BF /* CheckInView.swift in Sources */,
				326723A57FC40153A65C8419 /* UIImage+WithColor.swift in Sources */,
				326725597DF1D8F72BC65F7A /* CGContext+DrawImage.swift in Sources */,
				799D1C5321B7FD2300D2CB53 /* WindowFactory.swift in Sources */,
				3267252D279E6B43DC5153AF /* CheckInService.swift in Sources */,
				326726CCFF5A7035A7A39E45 /* DefaultCheckInService.swift in Sources */,
				326727D965968C02942BF1CF /* CheckIn.swift in Sources */,
				326727DB387FC3D498193C1A /* JSONEncoder+Serialized.swift in Sources */,
				32672A0AE33DAC3B10574DE8 /* CheckInServiceError.swift in Sources */,
				DA6C3A4218F84985EB2C0B20 /* RootControllerFactoryProtocol.swift in Sources */,
				8C93112321DCF4C200CF3C99 /* UIApplication+Rx.swift in Sources */,
				DA6CCC85531B70A9BF2FC0B3 /* RootControllerFactory.swift in Sources */,
				DA60C917853D3C3FBBE5D909 /* FilterView.swift in Sources */,
			);
			runOnlyForDeploymentPostprocessing = 0;
		};
		8C08263E1FF3BF3200B33DBD /* Sources */ = {
			isa = PBXSourcesBuildPhase;
			buildActionMask = 2147483647;
			files = (
				8CF6B28F220C6FCF0024487B /* DateFormatter+DepartureTimeFormatterSpec.swift in Sources */,
				4EB9BAD821C01A9F001BE102 /* AppDelegateStub.swift in Sources */,
				326724FDB43C8FE79CE5B9CE /* TimetableEntryResponseSpec.swift in Sources */,
				326723CD751DC9FD70D6FC22 /* Bundle+JSONData.swift in Sources */,
				326724103CCBC4E172DF11E4 /* String+Date.swift in Sources */,
				32672C25BFD73DCDF4E8DA49 /* Timezone+GMT.swift in Sources */,
				326728CEB559E98BF159E6D5 /* Bundle+TestBundle.swift in Sources */,
				326724FC2E9C405943838F4C /* HTTPTimetableServiceSpec.swift in Sources */,
				32672979F47CF03CB1DB9CAD /* URLRequest+Verify.swift in Sources */,
				32672EF1F84876ADA08567F0 /* LocalFileTimetableServiceSpec.swift in Sources */,
				32672B7398C275B2155EC83D /* WebSocketTimetableServiceSpec.swift in Sources */,
				3267215614557925662C1CD4 /* WebSocketSpy.swift in Sources */,
				3267289B20F3B6FF9E7A837C /* TimetableServiceStub.swift in Sources */,
				8C93112821DD087600CF3C99 /* UIRefreshControl+SimulateRefresh.swift in Sources */,
				799D1C6021B805AD00D2CB53 /* WindowFactorySpy.swift in Sources */,
				3267269A9E0AAA8397B3A6DF /* TimetableFilterSpec.swift in Sources */,
				32672D3774ADC6C5A9FCD62A /* TimetableEntry+TestData.swift in Sources */,
				32672635401B17BEF7469C56 /* DateFormatter+WithGMT.swift in Sources */,
				32672BC1A49DBE9462FF7504 /* TimetableEntryCellSpec.swift in Sources */,
				8C93112121DCF3A800CF3C99 /* UIApplication+RxSpec.swift in Sources */,
				799D1C5821B7FE0300D2CB53 /* WindowFactorySpec.swift in Sources */,
				32672A9451958081D4A04006 /* CheckInServiceSpy.swift in Sources */,
				32672920E879F4D6D18CA19F /* CheckInSpec.swift in Sources */,
				3267217F9B11F03369EDCAF1 /* DefaultCheckInServiceSpec.swift in Sources */,
				DA66FF2C4D0AF202570A7D81 /* TimetableFilterSpy.swift in Sources */,
				4EB9BAD921C01DF8001BE102 /* AppDelegateSpec.swift in Sources */,
				DA692642850D39B268CFE3DA /* TimeTableCellPresenter+TestInstance.swift in Sources */,
				DA613262400A4D913472B7B5 /* UISegmentedControl+SimulateTap.swift in Sources */,
				DA623AD1F9D33F17AD96FDFB /* TimetableViewControllerSpec.swift in Sources */,
				DA6B60FF1B26147EAF49CA2B /* UIControl+SimulateTap.swift in Sources */,
				DA6CAFED592036F8FD040953 /* RootControllerFactorySpec.swift in Sources */,
				DA61DC9B9604B79AD873A026 /* RootControllerFactoryStub.swift in Sources */,
			);
			runOnlyForDeploymentPostprocessing = 0;
		};
/* End PBXSourcesBuildPhase section */

/* Begin PBXTargetDependency section */
		8C0826481FF3BF3200B33DBD /* PBXTargetDependency */ = {
			isa = PBXTargetDependency;
			target = 54FB8ECD1FB262F700BDE4B5 /* Workshops-Module2 */;
			targetProxy = 8C0826471FF3BF3200B33DBD /* PBXContainerItemProxy */;
		};
/* End PBXTargetDependency section */

/* Begin PBXVariantGroup section */
		54FB8EDA1FB262F700BDE4B5 /* LaunchScreen.storyboard */ = {
			isa = PBXVariantGroup;
			children = (
				54FB8EDB1FB262F700BDE4B5 /* Base */,
			);
			name = LaunchScreen.storyboard;
			path = .;
			sourceTree = "<group>";
		};
/* End PBXVariantGroup section */

/* Begin XCBuildConfiguration section */
		54FB8EDE1FB262F700BDE4B5 /* Debug */ = {
			isa = XCBuildConfiguration;
			buildSettings = {
				ALWAYS_SEARCH_USER_PATHS = NO;
				CLANG_ANALYZER_NONNULL = YES;
				CLANG_ANALYZER_NUMBER_OBJECT_CONVERSION = YES_AGGRESSIVE;
				CLANG_CXX_LANGUAGE_STANDARD = "gnu++14";
				CLANG_CXX_LIBRARY = "libc++";
				CLANG_ENABLE_MODULES = YES;
				CLANG_ENABLE_OBJC_ARC = YES;
				CLANG_WARN_BLOCK_CAPTURE_AUTORELEASING = YES;
				CLANG_WARN_BOOL_CONVERSION = YES;
				CLANG_WARN_COMMA = YES;
				CLANG_WARN_CONSTANT_CONVERSION = YES;
				CLANG_WARN_DEPRECATED_OBJC_IMPLEMENTATIONS = YES;
				CLANG_WARN_DIRECT_OBJC_ISA_USAGE = YES_ERROR;
				CLANG_WARN_DOCUMENTATION_COMMENTS = YES;
				CLANG_WARN_EMPTY_BODY = YES;
				CLANG_WARN_ENUM_CONVERSION = YES;
				CLANG_WARN_INFINITE_RECURSION = YES;
				CLANG_WARN_INT_CONVERSION = YES;
				CLANG_WARN_NON_LITERAL_NULL_CONVERSION = YES;
				CLANG_WARN_OBJC_IMPLICIT_RETAIN_SELF = YES;
				CLANG_WARN_OBJC_LITERAL_CONVERSION = YES;
				CLANG_WARN_OBJC_ROOT_CLASS = YES_ERROR;
				CLANG_WARN_RANGE_LOOP_ANALYSIS = YES;
				CLANG_WARN_STRICT_PROTOTYPES = YES;
				CLANG_WARN_SUSPICIOUS_MOVE = YES;
				CLANG_WARN_UNGUARDED_AVAILABILITY = YES_AGGRESSIVE;
				CLANG_WARN_UNREACHABLE_CODE = YES;
				CLANG_WARN__DUPLICATE_METHOD_MATCH = YES;
				CODE_SIGN_IDENTITY = "iPhone Developer";
				CODE_SIGN_STYLE = Manual;
				COPY_PHASE_STRIP = NO;
				DEBUG_INFORMATION_FORMAT = dwarf;
				ENABLE_STRICT_OBJC_MSGSEND = YES;
				ENABLE_TESTABILITY = YES;
				GCC_C_LANGUAGE_STANDARD = gnu11;
				GCC_DYNAMIC_NO_PIC = NO;
				GCC_NO_COMMON_BLOCKS = YES;
				GCC_OPTIMIZATION_LEVEL = 0;
				GCC_PREPROCESSOR_DEFINITIONS = (
					"DEBUG=1",
					"$(inherited)",
				);
				GCC_WARN_64_TO_32_BIT_CONVERSION = YES;
				GCC_WARN_ABOUT_RETURN_TYPE = YES_ERROR;
				GCC_WARN_UNDECLARED_SELECTOR = YES;
				GCC_WARN_UNINITIALIZED_AUTOS = YES_AGGRESSIVE;
				GCC_WARN_UNUSED_FUNCTION = YES;
				GCC_WARN_UNUSED_VARIABLE = YES;
				IPHONEOS_DEPLOYMENT_TARGET = 11.0;
				MTL_ENABLE_DEBUG_INFO = YES;
				ONLY_ACTIVE_ARCH = YES;
				SDKROOT = iphoneos;
				SWIFT_ACTIVE_COMPILATION_CONDITIONS = DEBUG;
				SWIFT_OPTIMIZATION_LEVEL = "-Onone";
			};
			name = Debug;
		};
		54FB8EDF1FB262F700BDE4B5 /* Release */ = {
			isa = XCBuildConfiguration;
			buildSettings = {
				ALWAYS_SEARCH_USER_PATHS = NO;
				CLANG_ANALYZER_NONNULL = YES;
				CLANG_ANALYZER_NUMBER_OBJECT_CONVERSION = YES_AGGRESSIVE;
				CLANG_CXX_LANGUAGE_STANDARD = "gnu++14";
				CLANG_CXX_LIBRARY = "libc++";
				CLANG_ENABLE_MODULES = YES;
				CLANG_ENABLE_OBJC_ARC = YES;
				CLANG_WARN_BLOCK_CAPTURE_AUTORELEASING = YES;
				CLANG_WARN_BOOL_CONVERSION = YES;
				CLANG_WARN_COMMA = YES;
				CLANG_WARN_CONSTANT_CONVERSION = YES;
				CLANG_WARN_DEPRECATED_OBJC_IMPLEMENTATIONS = YES;
				CLANG_WARN_DIRECT_OBJC_ISA_USAGE = YES_ERROR;
				CLANG_WARN_DOCUMENTATION_COMMENTS = YES;
				CLANG_WARN_EMPTY_BODY = YES;
				CLANG_WARN_ENUM_CONVERSION = YES;
				CLANG_WARN_INFINITE_RECURSION = YES;
				CLANG_WARN_INT_CONVERSION = YES;
				CLANG_WARN_NON_LITERAL_NULL_CONVERSION = YES;
				CLANG_WARN_OBJC_IMPLICIT_RETAIN_SELF = YES;
				CLANG_WARN_OBJC_LITERAL_CONVERSION = YES;
				CLANG_WARN_OBJC_ROOT_CLASS = YES_ERROR;
				CLANG_WARN_RANGE_LOOP_ANALYSIS = YES;
				CLANG_WARN_STRICT_PROTOTYPES = YES;
				CLANG_WARN_SUSPICIOUS_MOVE = YES;
				CLANG_WARN_UNGUARDED_AVAILABILITY = YES_AGGRESSIVE;
				CLANG_WARN_UNREACHABLE_CODE = YES;
				CLANG_WARN__DUPLICATE_METHOD_MATCH = YES;
				CODE_SIGN_IDENTITY = "iPhone Developer";
				CODE_SIGN_STYLE = Manual;
				COPY_PHASE_STRIP = NO;
				DEBUG_INFORMATION_FORMAT = "dwarf-with-dsym";
				ENABLE_NS_ASSERTIONS = NO;
				ENABLE_STRICT_OBJC_MSGSEND = YES;
				GCC_C_LANGUAGE_STANDARD = gnu11;
				GCC_NO_COMMON_BLOCKS = YES;
				GCC_WARN_64_TO_32_BIT_CONVERSION = YES;
				GCC_WARN_ABOUT_RETURN_TYPE = YES_ERROR;
				GCC_WARN_UNDECLARED_SELECTOR = YES;
				GCC_WARN_UNINITIALIZED_AUTOS = YES_AGGRESSIVE;
				GCC_WARN_UNUSED_FUNCTION = YES;
				GCC_WARN_UNUSED_VARIABLE = YES;
				IPHONEOS_DEPLOYMENT_TARGET = 11.0;
				MTL_ENABLE_DEBUG_INFO = NO;
				SDKROOT = iphoneos;
				SWIFT_OPTIMIZATION_LEVEL = "-Owholemodule";
				VALIDATE_PRODUCT = YES;
			};
			name = Release;
		};
		54FB8EE11FB262F700BDE4B5 /* Debug */ = {
			isa = XCBuildConfiguration;
			buildSettings = {
				ASSETCATALOG_COMPILER_APPICON_NAME = AppIcon;
				FRAMEWORK_SEARCH_PATHS = (
					"$(inherited)",
					"$(PROJECT_DIR)/Carthage/Build/iOS",
				);
				INFOPLIST_FILE = "Sources/Supporting files/Info.plist";
				LD_RUNPATH_SEARCH_PATHS = "$(inherited) @executable_path/Frameworks";
				PRODUCT_BUNDLE_IDENTIFIER = "com.elpassion.Workshops-Module2";
				PRODUCT_NAME = "$(TARGET_NAME)";
				SWIFT_VERSION = 4.2;
				TARGETED_DEVICE_FAMILY = "1,2";
			};
			name = Debug;
		};
		54FB8EE21FB262F700BDE4B5 /* Release */ = {
			isa = XCBuildConfiguration;
			buildSettings = {
				ASSETCATALOG_COMPILER_APPICON_NAME = AppIcon;
				FRAMEWORK_SEARCH_PATHS = (
					"$(inherited)",
					"$(PROJECT_DIR)/Carthage/Build/iOS",
				);
				INFOPLIST_FILE = "Sources/Supporting files/Info.plist";
				LD_RUNPATH_SEARCH_PATHS = "$(inherited) @executable_path/Frameworks";
				PRODUCT_BUNDLE_IDENTIFIER = "com.elpassion.Workshops-Module2";
				PRODUCT_NAME = "$(TARGET_NAME)";
				SWIFT_VERSION = 4.2;
				TARGETED_DEVICE_FAMILY = "1,2";
			};
			name = Release;
		};
		8C08264A1FF3BF3200B33DBD /* Debug */ = {
			isa = XCBuildConfiguration;
			buildSettings = {
				BUNDLE_LOADER = "$(TEST_HOST)";
				FRAMEWORK_SEARCH_PATHS = (
					"$(inherited)",
					"$(PROJECT_DIR)/Carthage/Build/iOS",
				);
				INFOPLIST_FILE = Tests/Info.plist;
				LD_RUNPATH_SEARCH_PATHS = "$(inherited) @executable_path/Frameworks @loader_path/Frameworks";
				PRODUCT_BUNDLE_IDENTIFIER = "com.elpassion.Workshops-Module2Tests.Workshops-Module2Tests";
				PRODUCT_NAME = "$(TARGET_NAME)";
				SWIFT_VERSION = 4.2;
				TARGETED_DEVICE_FAMILY = "1,2";
				TEST_HOST = "$(BUILT_PRODUCTS_DIR)/Workshops-Module2.app/Workshops-Module2";
			};
			name = Debug;
		};
		8C08264B1FF3BF3200B33DBD /* Release */ = {
			isa = XCBuildConfiguration;
			buildSettings = {
				BUNDLE_LOADER = "$(TEST_HOST)";
				FRAMEWORK_SEARCH_PATHS = (
					"$(inherited)",
					"$(PROJECT_DIR)/Carthage/Build/iOS",
				);
				INFOPLIST_FILE = Tests/Info.plist;
				LD_RUNPATH_SEARCH_PATHS = "$(inherited) @executable_path/Frameworks @loader_path/Frameworks";
				PRODUCT_BUNDLE_IDENTIFIER = "com.elpassion.Workshops-Module2Tests.Workshops-Module2Tests";
				PRODUCT_NAME = "$(TARGET_NAME)";
				SWIFT_VERSION = 4.2;
				TARGETED_DEVICE_FAMILY = "1,2";
				TEST_HOST = "$(BUILT_PRODUCTS_DIR)/Workshops-Module2.app/Workshops-Module2";
			};
			name = Release;
		};
/* End XCBuildConfiguration section */

/* Begin XCConfigurationList section */
		54FB8EC91FB262F700BDE4B5 /* Build configuration list for PBXProject "RxSwift-Workshops-Module2" */ = {
			isa = XCConfigurationList;
			buildConfigurations = (
				54FB8EDE1FB262F700BDE4B5 /* Debug */,
				54FB8EDF1FB262F700BDE4B5 /* Release */,
			);
			defaultConfigurationIsVisible = 0;
			defaultConfigurationName = Release;
		};
		54FB8EE01FB262F700BDE4B5 /* Build configuration list for PBXNativeTarget "Workshops-Module2" */ = {
			isa = XCConfigurationList;
			buildConfigurations = (
				54FB8EE11FB262F700BDE4B5 /* Debug */,
				54FB8EE21FB262F700BDE4B5 /* Release */,
			);
			defaultConfigurationIsVisible = 0;
			defaultConfigurationName = Release;
		};
		8C0826491FF3BF3200B33DBD /* Build configuration list for PBXNativeTarget "Workshops-Module2Tests" */ = {
			isa = XCConfigurationList;
			buildConfigurations = (
				8C08264A1FF3BF3200B33DBD /* Debug */,
				8C08264B1FF3BF3200B33DBD /* Release */,
			);
			defaultConfigurationIsVisible = 0;
			defaultConfigurationName = Release;
		};
/* End XCConfigurationList section */
	};
	rootObject = 54FB8EC61FB262F700BDE4B5 /* Project object */;
}
